
Microsoft Visual Studio Solution File, Format Version 12.00
# Visual Studio Version 17
VisualStudioVersion = 17.2.32516.85
MinimumVisualStudioVersion = 10.0.40219.1
Project("{FAE04EC0-301F-11D3-BF4B-00C04F79EFBC}") = "ejercicio-7", "ejercicio-7\ejercicio-7.csproj", "{099640B6-7185-4856-A8EA-C3AE45B20FA0}"
EndProject
Global
	GlobalSection(SolutionConfigurationPlatforms) = preSolution
		Debug|Any CPU = Debug|Any CPU
		Release|Any CPU = Release|Any CPU
	EndGlobalSection
	GlobalSection(ProjectConfigurationPlatforms) = postSolution
		{099640B6-7185-4856-A8EA-C3AE45B20FA0}.Debug|Any CPU.ActiveCfg = Debug|Any CPU
		{099640B6-7185-4856-A8EA-C3AE45B20FA0}.Debug|Any CPU.Build.0 = Debug|Any CPU
		{099640B6-7185-4856-A8EA-C3AE45B20FA0}.Release|Any CPU.ActiveCfg = Release|Any CPU
		{099640B6-7185-4856-A8EA-C3AE45B20FA0}.Release|Any CPU.Build.0 = Release|Any CPU
	EndGlobalSection
	GlobalSection(SolutionProperties) = preSolution
		HideSolutionNode = FALSE
	EndGlobalSection
	GlobalSection(ExtensibilityGlobals) = postSolution
		SolutionGuid = {5B603554-F74D-4094-95CA-7422E02E03F0}
	EndGlobalSection
EndGlobal
